// !$*UTF8*$!
{
	archiveVersion = 1;
	classes = {
	};
	objectVersion = 46;
	objects = {

/* Begin PBXBuildFile section */
		4D97E7F71E8E55DC001B7025 /* AppDelegate.swift in Sources */ = {isa = PBXBuildFile; fileRef = 4D97E7F61E8E55DC001B7025 /* AppDelegate.swift */; };
		4D97E7F91E8E55DC001B7025 /* ViewController.swift in Sources */ = {isa = PBXBuildFile; fileRef = 4D97E7F81E8E55DC001B7025 /* ViewController.swift */; };
		4D97E7FC1E8E55DC001B7025 /* Main.storyboard in Resources */ = {isa = PBXBuildFile; fileRef = 4D97E7FA1E8E55DC001B7025 /* Main.storyboard */; };
		4D97E7FE1E8E55DC001B7025 /* Assets.xcassets in Resources */ = {isa = PBXBuildFile; fileRef = 4D97E7FD1E8E55DC001B7025 /* Assets.xcassets */; };
		4D97E8011E8E55DC001B7025 /* LaunchScreen.storyboard in Resources */ = {isa = PBXBuildFile; fileRef = 4D97E7FF1E8E55DC001B7025 /* LaunchScreen.storyboard */; };
		66C5254C2018327000B181EB /* wallpaper-iphone-6-plus-surfer-5-5-inches.jpg in Resources */ = {isa = PBXBuildFile; fileRef = 66C5254B2018327000B181EB /* wallpaper-iphone-6-plus-surfer-5-5-inches.jpg */; };
		66C525692018340100B181EB /* Contents.json in Resources */ = {isa = PBXBuildFile; fileRef = 66C5254E2018340000B181EB /* Contents.json */; };
		66C5256A2018340100B181EB /* Icon-App-20x20@1x.png in Resources */ = {isa = PBXBuildFile; fileRef = 66C5254F2018340000B181EB /* Icon-App-20x20@1x.png */; };
		66C5256B2018340100B181EB /* Icon-App-20x20@2x.png in Resources */ = {isa = PBXBuildFile; fileRef = 66C525502018340000B181EB /* Icon-App-20x20@2x.png */; };
		66C5256C2018340100B181EB /* Icon-App-20x20@3x.png in Resources */ = {isa = PBXBuildFile; fileRef = 66C525512018340000B181EB /* Icon-App-20x20@3x.png */; };
		66C5256D2018340100B181EB /* Icon-App-29x29@1x.png in Resources */ = {isa = PBXBuildFile; fileRef = 66C525522018340000B181EB /* Icon-App-29x29@1x.png */; };
		66C5256E2018340100B181EB /* Icon-App-29x29@2x.png in Resources */ = {isa = PBXBuildFile; fileRef = 66C525532018340000B181EB /* Icon-App-29x29@2x.png */; };
		66C5256F2018340100B181EB /* Icon-App-29x29@3x.png in Resources */ = {isa = PBXBuildFile; fileRef = 66C525542018340000B181EB /* Icon-App-29x29@3x.png */; };
		66C525702018340100B181EB /* Icon-App-40x40@1x.png in Resources */ = {isa = PBXBuildFile; fileRef = 66C525552018340000B181EB /* Icon-App-40x40@1x.png */; };
		66C525712018340100B181EB /* Icon-App-40x40@2x.png in Resources */ = {isa = PBXBuildFile; fileRef = 66C525562018340000B181EB /* Icon-App-40x40@2x.png */; };
		66C525722018340100B181EB /* Icon-App-40x40@3x.png in Resources */ = {isa = PBXBuildFile; fileRef = 66C525572018340000B181EB /* Icon-App-40x40@3x.png */; };
		66C525732018340100B181EB /* Icon-App-57x57@1x.png in Resources */ = {isa = PBXBuildFile; fileRef = 66C525582018340000B181EB /* Icon-App-57x57@1x.png */; };
		66C525742018340100B181EB /* Icon-App-57x57@2x.png in Resources */ = {isa = PBXBuildFile; fileRef = 66C525592018340000B181EB /* Icon-App-57x57@2x.png */; };
		66C525752018340100B181EB /* Icon-App-60x60@1x.png in Resources */ = {isa = PBXBuildFile; fileRef = 66C5255A2018340000B181EB /* Icon-App-60x60@1x.png */; };
		66C525762018340100B181EB /* Icon-App-60x60@2x.png in Resources */ = {isa = PBXBuildFile; fileRef = 66C5255B2018340000B181EB /* Icon-App-60x60@2x.png */; };
		66C525772018340100B181EB /* Icon-App-60x60@3x.png in Resources */ = {isa = PBXBuildFile; fileRef = 66C5255C2018340000B181EB /* Icon-App-60x60@3x.png */; };
		66C525782018340100B181EB /* Icon-App-72x72@1x.png in Resources */ = {isa = PBXBuildFile; fileRef = 66C5255D2018340000B181EB /* Icon-App-72x72@1x.png */; };
		66C525792018340100B181EB /* Icon-App-72x72@2x.png in Resources */ = {isa = PBXBuildFile; fileRef = 66C5255E2018340000B181EB /* Icon-App-72x72@2x.png */; };
		66C5257A2018340100B181EB /* Icon-App-76x76@1x.png in Resources */ = {isa = PBXBuildFile; fileRef = 66C5255F2018340000B181EB /* Icon-App-76x76@1x.png */; };
		66C5257B2018340100B181EB /* Icon-App-76x76@2x.png in Resources */ = {isa = PBXBuildFile; fileRef = 66C525602018340000B181EB /* Icon-App-76x76@2x.png */; };
		66C5257C2018340100B181EB /* Icon-App-76x76@3x.png in Resources */ = {isa = PBXBuildFile; fileRef = 66C525612018340000B181EB /* Icon-App-76x76@3x.png */; };
		66C5257D2018340100B181EB /* Icon-App-83.5x83.5@2x.png in Resources */ = {isa = PBXBuildFile; fileRef = 66C525622018340000B181EB /* Icon-App-83.5x83.5@2x.png */; };
		66C5257E2018340100B181EB /* Icon-Small-50x50@1x.png in Resources */ = {isa = PBXBuildFile; fileRef = 66C525632018340000B181EB /* Icon-Small-50x50@1x.png */; };
		66C5257F2018340100B181EB /* Icon-Small-50x50@2x.png in Resources */ = {isa = PBXBuildFile; fileRef = 66C525642018340000B181EB /* Icon-Small-50x50@2x.png */; };
		66C525802018340100B181EB /* ItunesArtwork@2x.png in Resources */ = {isa = PBXBuildFile; fileRef = 66C525652018340000B181EB /* ItunesArtwork@2x.png */; };
		66C525812018340100B181EB /* iTunesArtwork@3x.png in Resources */ = {isa = PBXBuildFile; fileRef = 66C525662018340000B181EB /* iTunesArtwork@3x.png */; };
		66C525822018340100B181EB /* iTunesArtwork@2x.png in Resources */ = {isa = PBXBuildFile; fileRef = 66C525672018340000B181EB /* iTunesArtwork@2x.png */; };
		66C525832018340100B181EB /* iTunesArtwork@1x.png in Resources */ = {isa = PBXBuildFile; fileRef = 66C525682018340100B181EB /* iTunesArtwork@1x.png */; };
		8ADA98E852FC1CB22D4D35FA /* Pods_JenkinsFastlaneExample.framework in Frameworks */ = {isa = PBXBuildFile; fileRef = FF6370D1F2D0E785CFCCB4F2 /* Pods_JenkinsFastlaneExample.framework */; };
/* End PBXBuildFile section */

/* Begin PBXFileReference section */
		4D97E7F31E8E55DC001B7025 /* JenkinsFastlaneExample.app */ = {isa = PBXFileReference; explicitFileType = wrapper.application; includeInIndex = 0; path = JenkinsFastlaneExample.app; sourceTree = BUILT_PRODUCTS_DIR; };
		4D97E7F61E8E55DC001B7025 /* AppDelegate.swift */ = {isa = PBXFileReference; lastKnownFileType = sourcecode.swift; path = AppDelegate.swift; sourceTree = "<group>"; };
		4D97E7F81E8E55DC001B7025 /* ViewController.swift */ = {isa = PBXFileReference; lastKnownFileType = sourcecode.swift; path = ViewController.swift; sourceTree = "<group>"; };
		4D97E7FB1E8E55DC001B7025 /* Base */ = {isa = PBXFileReference; lastKnownFileType = file.storyboard; name = Base; path = Base.lproj/Main.storyboard; sourceTree = "<group>"; };
		4D97E7FD1E8E55DC001B7025 /* Assets.xcassets */ = {isa = PBXFileReference; lastKnownFileType = folder.assetcatalog; path = Assets.xcassets; sourceTree = "<group>"; };
		4D97E8001E8E55DC001B7025 /* Base */ = {isa = PBXFileReference; lastKnownFileType = file.storyboard; name = Base; path = Base.lproj/LaunchScreen.storyboard; sourceTree = "<group>"; };
		4D97E8021E8E55DC001B7025 /* Info.plist */ = {isa = PBXFileReference; lastKnownFileType = text.plist.xml; path = Info.plist; sourceTree = "<group>"; };
		66C5254B2018327000B181EB /* wallpaper-iphone-6-plus-surfer-5-5-inches.jpg */ = {isa = PBXFileReference; lastKnownFileType = image.jpeg; path = "wallpaper-iphone-6-plus-surfer-5-5-inches.jpg"; sourceTree = "<group>"; };
		66C5254E2018340000B181EB /* Contents.json */ = {isa = PBXFileReference; fileEncoding = 4; lastKnownFileType = text.json; path = Contents.json; sourceTree = "<group>"; };
		66C5254F2018340000B181EB /* Icon-App-20x20@1x.png */ = {isa = PBXFileReference; lastKnownFileType = image.png; path = "Icon-App-20x20@1x.png"; sourceTree = "<group>"; };
		66C525502018340000B181EB /* Icon-App-20x20@2x.png */ = {isa = PBXFileReference; lastKnownFileType = image.png; path = "Icon-App-20x20@2x.png"; sourceTree = "<group>"; };
		66C525512018340000B181EB /* Icon-App-20x20@3x.png */ = {isa = PBXFileReference; lastKnownFileType = image.png; path = "Icon-App-20x20@3x.png"; sourceTree = "<group>"; };
		66C525522018340000B181EB /* Icon-App-29x29@1x.png */ = {isa = PBXFileReference; lastKnownFileType = image.png; path = "Icon-App-29x29@1x.png"; sourceTree = "<group>"; };
		66C525532018340000B181EB /* Icon-App-29x29@2x.png */ = {isa = PBXFileReference; lastKnownFileType = image.png; path = "Icon-App-29x29@2x.png"; sourceTree = "<group>"; };
		66C525542018340000B181EB /* Icon-App-29x29@3x.png */ = {isa = PBXFileReference; lastKnownFileType = image.png; path = "Icon-App-29x29@3x.png"; sourceTree = "<group>"; };
		66C525552018340000B181EB /* Icon-App-40x40@1x.png */ = {isa = PBXFileReference; lastKnownFileType = image.png; path = "Icon-App-40x40@1x.png"; sourceTree = "<group>"; };
		66C525562018340000B181EB /* Icon-App-40x40@2x.png */ = {isa = PBXFileReference; lastKnownFileType = image.png; path = "Icon-App-40x40@2x.png"; sourceTree = "<group>"; };
		66C525572018340000B181EB /* Icon-App-40x40@3x.png */ = {isa = PBXFileReference; lastKnownFileType = image.png; path = "Icon-App-40x40@3x.png"; sourceTree = "<group>"; };
		66C525582018340000B181EB /* Icon-App-57x57@1x.png */ = {isa = PBXFileReference; lastKnownFileType = image.png; path = "Icon-App-57x57@1x.png"; sourceTree = "<group>"; };
		66C525592018340000B181EB /* Icon-App-57x57@2x.png */ = {isa = PBXFileReference; lastKnownFileType = image.png; path = "Icon-App-57x57@2x.png"; sourceTree = "<group>"; };
		66C5255A2018340000B181EB /* Icon-App-60x60@1x.png */ = {isa = PBXFileReference; lastKnownFileType = image.png; path = "Icon-App-60x60@1x.png"; sourceTree = "<group>"; };
		66C5255B2018340000B181EB /* Icon-App-60x60@2x.png */ = {isa = PBXFileReference; lastKnownFileType = image.png; path = "Icon-App-60x60@2x.png"; sourceTree = "<group>"; };
		66C5255C2018340000B181EB /* Icon-App-60x60@3x.png */ = {isa = PBXFileReference; lastKnownFileType = image.png; path = "Icon-App-60x60@3x.png"; sourceTree = "<group>"; };
		66C5255D2018340000B181EB /* Icon-App-72x72@1x.png */ = {isa = PBXFileReference; lastKnownFileType = image.png; path = "Icon-App-72x72@1x.png"; sourceTree = "<group>"; };
		66C5255E2018340000B181EB /* Icon-App-72x72@2x.png */ = {isa = PBXFileReference; lastKnownFileType = image.png; path = "Icon-App-72x72@2x.png"; sourceTree = "<group>"; };
		66C5255F2018340000B181EB /* Icon-App-76x76@1x.png */ = {isa = PBXFileReference; lastKnownFileType = image.png; path = "Icon-App-76x76@1x.png"; sourceTree = "<group>"; };
		66C525602018340000B181EB /* Icon-App-76x76@2x.png */ = {isa = PBXFileReference; lastKnownFileType = image.png; path = "Icon-App-76x76@2x.png"; sourceTree = "<group>"; };
		66C525612018340000B181EB /* Icon-App-76x76@3x.png */ = {isa = PBXFileReference; lastKnownFileType = image.png; path = "Icon-App-76x76@3x.png"; sourceTree = "<group>"; };
		66C525622018340000B181EB /* Icon-App-83.5x83.5@2x.png */ = {isa = PBXFileReference; lastKnownFileType = image.png; path = "Icon-App-83.5x83.5@2x.png"; sourceTree = "<group>"; };
		66C525632018340000B181EB /* Icon-Small-50x50@1x.png */ = {isa = PBXFileReference; lastKnownFileType = image.png; path = "Icon-Small-50x50@1x.png"; sourceTree = "<group>"; };
		66C525642018340000B181EB /* Icon-Small-50x50@2x.png */ = {isa = PBXFileReference; lastKnownFileType = image.png; path = "Icon-Small-50x50@2x.png"; sourceTree = "<group>"; };
		66C525652018340000B181EB /* ItunesArtwork@2x.png */ = {isa = PBXFileReference; lastKnownFileType = image.png; path = "ItunesArtwork@2x.png"; sourceTree = "<group>"; };
		66C525662018340000B181EB /* iTunesArtwork@3x.png */ = {isa = PBXFileReference; lastKnownFileType = image.png; path = "iTunesArtwork@3x.png"; sourceTree = SOURCE_ROOT; };
		66C525672018340000B181EB /* iTunesArtwork@2x.png */ = {isa = PBXFileReference; lastKnownFileType = image.png; path = "iTunesArtwork@2x.png"; sourceTree = SOURCE_ROOT; };
		66C525682018340100B181EB /* iTunesArtwork@1x.png */ = {isa = PBXFileReference; lastKnownFileType = image.png; path = "iTunesArtwork@1x.png"; sourceTree = SOURCE_ROOT; };
		B5AA2522D78430D329802767 /* Pods-JenkinsFastlaneExample.debug.xcconfig */ = {isa = PBXFileReference; includeInIndex = 1; lastKnownFileType = text.xcconfig; name = "Pods-JenkinsFastlaneExample.debug.xcconfig"; path = "Pods/Target Support Files/Pods-JenkinsFastlaneExample/Pods-JenkinsFastlaneExample.debug.xcconfig"; sourceTree = "<group>"; };
		B947906690CBAFFE96FB3117 /* Pods-JenkinsFastlaneExample.release.xcconfig */ = {isa = PBXFileReference; includeInIndex = 1; lastKnownFileType = text.xcconfig; name = "Pods-JenkinsFastlaneExample.release.xcconfig"; path = "Pods/Target Support Files/Pods-JenkinsFastlaneExample/Pods-JenkinsFastlaneExample.release.xcconfig"; sourceTree = "<group>"; };
		FF6370D1F2D0E785CFCCB4F2 /* Pods_JenkinsFastlaneExample.framework */ = {isa = PBXFileReference; explicitFileType = wrapper.framework; includeInIndex = 0; path = Pods_JenkinsFastlaneExample.framework; sourceTree = BUILT_PRODUCTS_DIR; };
/* End PBXFileReference section */

/* Begin PBXFrameworksBuildPhase section */
		4D97E7F01E8E55DC001B7025 /* Frameworks */ = {
			isa = PBXFrameworksBuildPhase;
			buildActionMask = 2147483647;
			files = (
				8ADA98E852FC1CB22D4D35FA /* Pods_JenkinsFastlaneExample.framework in Frameworks */,
			);
			runOnlyForDeploymentPostprocessing = 0;
		};
/* End PBXFrameworksBuildPhase section */

/* Begin PBXGroup section */
		4D97E7EA1E8E55DC001B7025 = {
			isa = PBXGroup;
			children = (
				4D97E7F51E8E55DC001B7025 /* JenkinsFastlaneExample */,
				4D97E7F41E8E55DC001B7025 /* Products */,
				64CE2ECC85BCADC487D731B5 /* Pods */,
				EFF0FA903C6D30736DB3D2FD /* Frameworks */,
			);
			sourceTree = "<group>";
		};
		4D97E7F41E8E55DC001B7025 /* Products */ = {
			isa = PBXGroup;
			children = (
				4D97E7F31E8E55DC001B7025 /* JenkinsFastlaneExample.app */,
			);
			name = Products;
			sourceTree = "<group>";
		};
		4D97E7F51E8E55DC001B7025 /* JenkinsFastlaneExample */ = {
			isa = PBXGroup;
			children = (
				66C5254D2018340000B181EB /* AppIcon.appiconset */,
				66C525682018340100B181EB /* iTunesArtwork@1x.png */,
				66C525672018340000B181EB /* iTunesArtwork@2x.png */,
				66C525662018340000B181EB /* iTunesArtwork@3x.png */,
				66C5254B2018327000B181EB /* wallpaper-iphone-6-plus-surfer-5-5-inches.jpg */,
				4D97E7F61E8E55DC001B7025 /* AppDelegate.swift */,
				4D97E7F81E8E55DC001B7025 /* ViewController.swift */,
				4D97E7FA1E8E55DC001B7025 /* Main.storyboard */,
				4D97E7FD1E8E55DC001B7025 /* Assets.xcassets */,
				4D97E7FF1E8E55DC001B7025 /* LaunchScreen.storyboard */,
				4D97E8021E8E55DC001B7025 /* Info.plist */,
			);
			path = JenkinsFastlaneExample;
			sourceTree = "<group>";
		};
		64CE2ECC85BCADC487D731B5 /* Pods */ = {
			isa = PBXGroup;
			children = (
				B5AA2522D78430D329802767 /* Pods-JenkinsFastlaneExample.debug.xcconfig */,
				B947906690CBAFFE96FB3117 /* Pods-JenkinsFastlaneExample.release.xcconfig */,
			);
			name = Pods;
			sourceTree = "<group>";
		};
		66C5254D2018340000B181EB /* AppIcon.appiconset */ = {
			isa = PBXGroup;
			children = (
				66C5254E2018340000B181EB /* Contents.json */,
				66C5254F2018340000B181EB /* Icon-App-20x20@1x.png */,
				66C525502018340000B181EB /* Icon-App-20x20@2x.png */,
				66C525512018340000B181EB /* Icon-App-20x20@3x.png */,
				66C525522018340000B181EB /* Icon-App-29x29@1x.png */,
				66C525532018340000B181EB /* Icon-App-29x29@2x.png */,
				66C525542018340000B181EB /* Icon-App-29x29@3x.png */,
				66C525552018340000B181EB /* Icon-App-40x40@1x.png */,
				66C525562018340000B181EB /* Icon-App-40x40@2x.png */,
				66C525572018340000B181EB /* Icon-App-40x40@3x.png */,
				66C525582018340000B181EB /* Icon-App-57x57@1x.png */,
				66C525592018340000B181EB /* Icon-App-57x57@2x.png */,
				66C5255A2018340000B181EB /* Icon-App-60x60@1x.png */,
				66C5255B2018340000B181EB /* Icon-App-60x60@2x.png */,
				66C5255C2018340000B181EB /* Icon-App-60x60@3x.png */,
				66C5255D2018340000B181EB /* Icon-App-72x72@1x.png */,
				66C5255E2018340000B181EB /* Icon-App-72x72@2x.png */,
				66C5255F2018340000B181EB /* Icon-App-76x76@1x.png */,
				66C525602018340000B181EB /* Icon-App-76x76@2x.png */,
				66C525612018340000B181EB /* Icon-App-76x76@3x.png */,
				66C525622018340000B181EB /* Icon-App-83.5x83.5@2x.png */,
				66C525632018340000B181EB /* Icon-Small-50x50@1x.png */,
				66C525642018340000B181EB /* Icon-Small-50x50@2x.png */,
				66C525652018340000B181EB /* ItunesArtwork@2x.png */,
			);
			path = AppIcon.appiconset;
			sourceTree = SOURCE_ROOT;
		};
		EFF0FA903C6D30736DB3D2FD /* Frameworks */ = {
			isa = PBXGroup;
			children = (
				FF6370D1F2D0E785CFCCB4F2 /* Pods_JenkinsFastlaneExample.framework */,
			);
			name = Frameworks;
			sourceTree = "<group>";
		};
/* End PBXGroup section */

/* Begin PBXNativeTarget section */
		4D97E7F21E8E55DC001B7025 /* JenkinsFastlaneExample */ = {
			isa = PBXNativeTarget;
			buildConfigurationList = 4D97E8051E8E55DC001B7025 /* Build configuration list for PBXNativeTarget "JenkinsFastlaneExample" */;
			buildPhases = (
				1F7DD2EB0B36F9BF3486666F /* [CP] Check Pods Manifest.lock */,
				4D97E7EF1E8E55DC001B7025 /* Sources */,
				4D97E7F01E8E55DC001B7025 /* Frameworks */,
				4D97E7F11E8E55DC001B7025 /* Resources */,
				0B48C0076D5E1275461261F3 /* [CP] Embed Pods Frameworks */,
				23A4EF42E090C412713CCAF0 /* [CP] Copy Pods Resources */,
			);
			buildRules = (
			);
			dependencies = (
			);
			name = JenkinsFastlaneExample;
			productName = JenkinsFastlaneExample;
			productReference = 4D97E7F31E8E55DC001B7025 /* JenkinsFastlaneExample.app */;
			productType = "com.apple.product-type.application";
		};
/* End PBXNativeTarget section */

/* Begin PBXProject section */
		4D97E7EB1E8E55DC001B7025 /* Project object */ = {
			isa = PBXProject;
			attributes = {
				LastSwiftUpdateCheck = 0820;
				LastUpgradeCheck = 0820;
				ORGANIZATIONNAME = "Christoph Herrmann";
				TargetAttributes = {
					4D97E7F21E8E55DC001B7025 = {
						CreatedOnToolsVersion = 8.2.1;
						DevelopmentTeam = CUE78TY65C;
						ProvisioningStyle = Manual;
					};
				};
			};
			buildConfigurationList = 4D97E7EE1E8E55DC001B7025 /* Build configuration list for PBXProject "JenkinsFastlaneExample" */;
			compatibilityVersion = "Xcode 3.2";
			developmentRegion = English;
			hasScannedForEncodings = 0;
			knownRegions = (
				en,
				Base,
			);
			mainGroup = 4D97E7EA1E8E55DC001B7025;
			productRefGroup = 4D97E7F41E8E55DC001B7025 /* Products */;
			projectDirPath = "";
			projectRoot = "";
			targets = (
				4D97E7F21E8E55DC001B7025 /* JenkinsFastlaneExample */,
			);
		};
/* End PBXProject section */

/* Begin PBXResourcesBuildPhase section */
		4D97E7F11E8E55DC001B7025 /* Resources */ = {
			isa = PBXResourcesBuildPhase;
			buildActionMask = 2147483647;
			files = (
				66C5257B2018340100B181EB /* Icon-App-76x76@2x.png in Resources */,
				66C525822018340100B181EB /* iTunesArtwork@2x.png in Resources */,
				66C525762018340100B181EB /* Icon-App-60x60@2x.png in Resources */,
				66C5256E2018340100B181EB /* Icon-App-29x29@2x.png in Resources */,
				66C525752018340100B181EB /* Icon-App-60x60@1x.png in Resources */,
				66C5257D2018340100B181EB /* Icon-App-83.5x83.5@2x.png in Resources */,
				66C525832018340100B181EB /* iTunesArtwork@1x.png in Resources */,
				66C525812018340100B181EB /* iTunesArtwork@3x.png in Resources */,
				66C525692018340100B181EB /* Contents.json in Resources */,
				66C525732018340100B181EB /* Icon-App-57x57@1x.png in Resources */,
				66C5256B2018340100B181EB /* Icon-App-20x20@2x.png in Resources */,
				4D97E8011E8E55DC001B7025 /* LaunchScreen.storyboard in Resources */,
				66C525782018340100B181EB /* Icon-App-72x72@1x.png in Resources */,
				66C5256F2018340100B181EB /* Icon-App-29x29@3x.png in Resources */,
				66C525772018340100B181EB /* Icon-App-60x60@3x.png in Resources */,
				66C525742018340100B181EB /* Icon-App-57x57@2x.png in Resources */,
				66C5256C2018340100B181EB /* Icon-App-20x20@3x.png in Resources */,
				4D97E7FE1E8E55DC001B7025 /* Assets.xcassets in Resources */,
				66C5257E2018340100B181EB /* Icon-Small-50x50@1x.png in Resources */,
				66C525792018340100B181EB /* Icon-App-72x72@2x.png in Resources */,
				4D97E7FC1E8E55DC001B7025 /* Main.storyboard in Resources */,
				66C5254C2018327000B181EB /* wallpaper-iphone-6-plus-surfer-5-5-inches.jpg in Resources */,
				66C525802018340100B181EB /* ItunesArtwork@2x.png in Resources */,
				66C5257C2018340100B181EB /* Icon-App-76x76@3x.png in Resources */,
				66C525702018340100B181EB /* Icon-App-40x40@1x.png in Resources */,
				66C5257A2018340100B181EB /* Icon-App-76x76@1x.png in Resources */,
				66C5256A2018340100B181EB /* Icon-App-20x20@1x.png in Resources */,
				66C525722018340100B181EB /* Icon-App-40x40@3x.png in Resources */,
				66C525712018340100B181EB /* Icon-App-40x40@2x.png in Resources */,
				66C5256D2018340100B181EB /* Icon-App-29x29@1x.png in Resources */,
				66C5257F2018340100B181EB /* Icon-Small-50x50@2x.png in Resources */,
			);
			runOnlyForDeploymentPostprocessing = 0;
		};
/* End PBXResourcesBuildPhase section */

/* Begin PBXShellScriptBuildPhase section */
		0B48C0076D5E1275461261F3 /* [CP] Embed Pods Frameworks */ = {
			isa = PBXShellScriptBuildPhase;
			buildActionMask = 2147483647;
			files = (
			);
			inputPaths = (
			);
			name = "[CP] Embed Pods Frameworks";
			outputPaths = (
			);
			runOnlyForDeploymentPostprocessing = 0;
			shellPath = /bin/sh;
			shellScript = "\"${SRCROOT}/Pods/Target Support Files/Pods-JenkinsFastlaneExample/Pods-JenkinsFastlaneExample-frameworks.sh\"\n";
			showEnvVarsInLog = 0;
		};
		1F7DD2EB0B36F9BF3486666F /* [CP] Check Pods Manifest.lock */ = {
			isa = PBXShellScriptBuildPhase;
			buildActionMask = 2147483647;
			files = (
			);
			inputPaths = (
			);
			name = "[CP] Check Pods Manifest.lock";
			outputPaths = (
			);
			runOnlyForDeploymentPostprocessing = 0;
			shellPath = /bin/sh;
			shellScript = "diff \"${PODS_ROOT}/../Podfile.lock\" \"${PODS_ROOT}/Manifest.lock\" > /dev/null\nif [ $? != 0 ] ; then\n    # print error to STDERR\n    echo \"error: The sandbox is not in sync with the Podfile.lock. Run 'pod install' or update your CocoaPods installation.\" >&2\n    exit 1\nfi\n";
			showEnvVarsInLog = 0;
		};
		23A4EF42E090C412713CCAF0 /* [CP] Copy Pods Resources */ = {
			isa = PBXShellScriptBuildPhase;
			buildActionMask = 2147483647;
			files = (
			);
			inputPaths = (
			);
			name = "[CP] Copy Pods Resources";
			outputPaths = (
			);
			runOnlyForDeploymentPostprocessing = 0;
			shellPath = /bin/sh;
			shellScript = "\"${SRCROOT}/Pods/Target Support Files/Pods-JenkinsFastlaneExample/Pods-JenkinsFastlaneExample-resources.sh\"\n";
			showEnvVarsInLog = 0;
		};
/* End PBXShellScriptBuildPhase section */

/* Begin PBXSourcesBuildPhase section */
		4D97E7EF1E8E55DC001B7025 /* Sources */ = {
			isa = PBXSourcesBuildPhase;
			buildActionMask = 2147483647;
			files = (
				4D97E7F91E8E55DC001B7025 /* ViewController.swift in Sources */,
				4D97E7F71E8E55DC001B7025 /* AppDelegate.swift in Sources */,
			);
			runOnlyForDeploymentPostprocessing = 0;
		};
/* End PBXSourcesBuildPhase section */

/* Begin PBXVariantGroup section */
		4D97E7FA1E8E55DC001B7025 /* Main.storyboard */ = {
			isa = PBXVariantGroup;
			children = (
				4D97E7FB1E8E55DC001B7025 /* Base */,
			);
			name = Main.storyboard;
			sourceTree = "<group>";
		};
		4D97E7FF1E8E55DC001B7025 /* LaunchScreen.storyboard */ = {
			isa = PBXVariantGroup;
			children = (
				4D97E8001E8E55DC001B7025 /* Base */,
			);
			name = LaunchScreen.storyboard;
			sourceTree = "<group>";
		};
/* End PBXVariantGroup section */

/* Begin XCBuildConfiguration section */
		4D97E8031E8E55DC001B7025 /* Debug */ = {
			isa = XCBuildConfiguration;
			buildSettings = {
				ALWAYS_SEARCH_USER_PATHS = NO;
				CLANG_ANALYZER_NONNULL = YES;
				CLANG_CXX_LANGUAGE_STANDARD = "gnu++0x";
				CLANG_CXX_LIBRARY = "libc++";
				CLANG_ENABLE_MODULES = YES;
				CLANG_ENABLE_OBJC_ARC = YES;
				CLANG_WARN_BOOL_CONVERSION = YES;
				CLANG_WARN_CONSTANT_CONVERSION = YES;
				CLANG_WARN_DIRECT_OBJC_ISA_USAGE = YES_ERROR;
				CLANG_WARN_DOCUMENTATION_COMMENTS = YES;
				CLANG_WARN_EMPTY_BODY = YES;
				CLANG_WARN_ENUM_CONVERSION = YES;
				CLANG_WARN_INFINITE_RECURSION = YES;
				CLANG_WARN_INT_CONVERSION = YES;
				CLANG_WARN_OBJC_ROOT_CLASS = YES_ERROR;
				CLANG_WARN_SUSPICIOUS_MOVE = YES;
				CLANG_WARN_UNREACHABLE_CODE = YES;
				CLANG_WARN__DUPLICATE_METHOD_MATCH = YES;
				"CODE_SIGN_IDENTITY[sdk=iphoneos*]" = "iPhone Developer";
				COPY_PHASE_STRIP = NO;
				DEBUG_INFORMATION_FORMAT = dwarf;
				ENABLE_STRICT_OBJC_MSGSEND = YES;
				ENABLE_TESTABILITY = YES;
				GCC_C_LANGUAGE_STANDARD = gnu99;
				GCC_DYNAMIC_NO_PIC = NO;
				GCC_NO_COMMON_BLOCKS = YES;
				GCC_OPTIMIZATION_LEVEL = 0;
				GCC_PREPROCESSOR_DEFINITIONS = (
					"DEBUG=1",
					"$(inherited)",
				);
				GCC_WARN_64_TO_32_BIT_CONVERSION = YES;
				GCC_WARN_ABOUT_RETURN_TYPE = YES_ERROR;
				GCC_WARN_UNDECLARED_SELECTOR = YES;
				GCC_WARN_UNINITIALIZED_AUTOS = YES_AGGRESSIVE;
				GCC_WARN_UNUSED_FUNCTION = YES;
				GCC_WARN_UNUSED_VARIABLE = YES;
				IPHONEOS_DEPLOYMENT_TARGET = 10.2;
				MTL_ENABLE_DEBUG_INFO = YES;
				ONLY_ACTIVE_ARCH = YES;
				SDKROOT = iphoneos;
				SWIFT_ACTIVE_COMPILATION_CONDITIONS = DEBUG;
				SWIFT_OPTIMIZATION_LEVEL = "-Onone";
				TARGETED_DEVICE_FAMILY = "1,2";
			};
			name = Debug;
		};
		4D97E8041E8E55DC001B7025 /* Release */ = {
			isa = XCBuildConfiguration;
			buildSettings = {
				ALWAYS_SEARCH_USER_PATHS = NO;
				CLANG_ANALYZER_NONNULL = YES;
				CLANG_CXX_LANGUAGE_STANDARD = "gnu++0x";
				CLANG_CXX_LIBRARY = "libc++";
				CLANG_ENABLE_MODULES = YES;
				CLANG_ENABLE_OBJC_ARC = YES;
				CLANG_WARN_BOOL_CONVERSION = YES;
				CLANG_WARN_CONSTANT_CONVERSION = YES;
				CLANG_WARN_DIRECT_OBJC_ISA_USAGE = YES_ERROR;
				CLANG_WARN_DOCUMENTATION_COMMENTS = YES;
				CLANG_WARN_EMPTY_BODY = YES;
				CLANG_WARN_ENUM_CONVERSION = YES;
				CLANG_WARN_INFINITE_RECURSION = YES;
				CLANG_WARN_INT_CONVERSION = YES;
				CLANG_WARN_OBJC_ROOT_CLASS = YES_ERROR;
				CLANG_WARN_SUSPICIOUS_MOVE = YES;
				CLANG_WARN_UNREACHABLE_CODE = YES;
				CLANG_WARN__DUPLICATE_METHOD_MATCH = YES;
				"CODE_SIGN_IDENTITY[sdk=iphoneos*]" = "iPhone Developer";
				COPY_PHASE_STRIP = NO;
				DEBUG_INFORMATION_FORMAT = "dwarf-with-dsym";
				ENABLE_NS_ASSERTIONS = NO;
				ENABLE_STRICT_OBJC_MSGSEND = YES;
				GCC_C_LANGUAGE_STANDARD = gnu99;
				GCC_NO_COMMON_BLOCKS = YES;
				GCC_WARN_64_TO_32_BIT_CONVERSION = YES;
				GCC_WARN_ABOUT_RETURN_TYPE = YES_ERROR;
				GCC_WARN_UNDECLARED_SELECTOR = YES;
				GCC_WARN_UNINITIALIZED_AUTOS = YES_AGGRESSIVE;
				GCC_WARN_UNUSED_FUNCTION = YES;
				GCC_WARN_UNUSED_VARIABLE = YES;
				IPHONEOS_DEPLOYMENT_TARGET = 10.2;
				MTL_ENABLE_DEBUG_INFO = NO;
				SDKROOT = iphoneos;
				SWIFT_OPTIMIZATION_LEVEL = "-Owholemodule";
				TARGETED_DEVICE_FAMILY = "1,2";
				VALIDATE_PRODUCT = YES;
			};
			name = Release;
		};
		4D97E8061E8E55DC001B7025 /* Debug */ = {
			isa = XCBuildConfiguration;
			baseConfigurationReference = B5AA2522D78430D329802767 /* Pods-JenkinsFastlaneExample.debug.xcconfig */;
			buildSettings = {
				ASSETCATALOG_COMPILER_APPICON_NAME = AppIcon;
				"CODE_SIGN_IDENTITY[sdk=iphoneos*]" = "iPhone Developer";
				CODE_SIGN_STYLE = Manual;
				DEVELOPMENT_TEAM = CUE78TY65C;
				INFOPLIST_FILE = JenkinsFastlaneExample/Info.plist;
				LD_RUNPATH_SEARCH_PATHS = "$(inherited) @executable_path/Frameworks";
				PRODUCT_BUNDLE_IDENTIFIER = sg.com.ncs.devopstest;
				PRODUCT_NAME = "$(TARGET_NAME)";
				PROVISIONING_PROFILE = "07b14f0b-0072-4bc4-a544-144ef2f209ce";
				PROVISIONING_PROFILE_SPECIFIER = devopstest_dev;
				SWIFT_VERSION = 3.0;
				TARGETED_DEVICE_FAMILY = 1;
			};
			name = Debug;
		};
		4D97E8071E8E55DC001B7025 /* Release */ = {
			isa = XCBuildConfiguration;
			baseConfigurationReference = B947906690CBAFFE96FB3117 /* Pods-JenkinsFastlaneExample.release.xcconfig */;
			buildSettings = {
				ASSETCATALOG_COMPILER_APPICON_NAME = AppIcon;
				"CODE_SIGN_IDENTITY[sdk=iphoneos*]" = "iPhone Distribution";
				CODE_SIGN_STYLE = Manual;
				DEVELOPMENT_TEAM = CUE78TY65C;
				INFOPLIST_FILE = JenkinsFastlaneExample/Info.plist;
				LD_RUNPATH_SEARCH_PATHS = "$(inherited) @executable_path/Frameworks";
				PRODUCT_BUNDLE_IDENTIFIER = sg.com.ncs.devopstest;
				PRODUCT_NAME = "$(TARGET_NAME)";
				PROVISIONING_PROFILE = "2be78147-eea8-4fb8-a8c6-dcf2402ee6a8";
				PROVISIONING_PROFILE_SPECIFIER = devopstest_dist;
				SWIFT_VERSION = 3.0;
				TARGETED_DEVICE_FAMILY = 1;
			};
			name = Release;
		};
/* End XCBuildConfiguration section */

/* Begin XCConfigurationList section */
		4D97E7EE1E8E55DC001B7025 /* Build configuration list for PBXProject "JenkinsFastlaneExample" */ = {
			isa = XCConfigurationList;
			buildConfigurations = (
				4D97E8031E8E55DC001B7025 /* Debug */,
				4D97E8041E8E55DC001B7025 /* Release */,
			);
			defaultConfigurationIsVisible = 0;
			defaultConfigurationName = Release;
		};
		4D97E8051E8E55DC001B7025 /* Build configuration list for PBXNativeTarget "JenkinsFastlaneExample" */ = {
			isa = XCConfigurationList;
			buildConfigurations = (
				4D97E8061E8E55DC001B7025 /* Debug */,
				4D97E8071E8E55DC001B7025 /* Release */,
			);
			defaultConfigurationIsVisible = 0;
			defaultConfigurationName = Release;
		};
/* End XCConfigurationList section */
	};
	rootObject = 4D97E7EB1E8E55DC001B7025 /* Project object */;
}
